{
  "name": "paperjs.org",
  "version": "0.12.17",
  "lockfileVersion": 2,
  "requires": true,
  "packages": {
    "": {
      "name": "paperjs.org",
      "version": "0.12.17",
      "license": "MIT",
      "dependencies": {
        "he": "^1.1.1",
        "marks": "^1.1.1",
        "paragraphs": "^1.0.0",
        "woods": "^0.1.2"
      }
    },
    "node_modules/accepts": {
      "version": "1.3.3",
      "license": "MIT",
      "dependencies": {
        "mime-types": "~2.1.11",
        "negotiator": "0.6.1"
      },
      "engines": {
        "node": ">= 0.6"
      }
    },
    "node_modules/acorn": {
      "version": "2.7.0",
      "license": "MIT",
      "bin": {
        "acorn": "bin/acorn"
      },
      "engines": {
        "node": ">=0.4.0"
      }
    },
    "node_modules/acorn-globals": {
      "version": "1.0.9",
      "license": "MIT",
      "dependencies": {
        "acorn": "^2.1.0"
      }
    },
    "node_modules/align-text": {
      "version": "0.1.4",
      "license": "MIT",
      "dependencies": {
        "kind-of": "^3.0.2",
        "longest": "^1.0.1",
        "repeat-string": "^1.5.2"
      },
      "engines": {
        "node": ">=0.10.0"
      }
    },
    "node_modules/amdefine": {
      "version": "1.0.1",
      "license": "BSD-3-Clause OR MIT",
      "engines": {
        "node": ">=0.4.2"
      }
    },
    "node_modules/array": {
      "version": "0.4.3",
      "license": "MIT",
      "dependencies": {
        "emitter-component": "~1.1.0",
        "to-function": "~1.2.1"
      }
    },
    "node_modules/array-flatten": {
      "version": "1.1.1",
      "license": "MIT"
    },
    "node_modules/array-parallel": {
      "version": "0.1.3",
      "license": "MIT"
    },
    "node_modules/array-series": {
      "version": "0.1.5",
      "license": "MIT"
    },
    "node_modules/asap": {
      "version": "1.0.0"
    },
    "node_modules/async": {
      "version": "2.3.0",
      "license": "MIT",
      "dependencies": {
        "lodash": "^4.14.0"
      }
    },
    "node_modules/asynckit": {
      "version": "0.4.0",
      "license": "MIT"
    },
    "node_modules/body": {
      "version": "5.1.0",
      "dependencies": {
        "continuable-cache": "^0.3.1",
        "error": "^7.0.0",
        "raw-body": "~1.1.0",
        "safe-json-parse": "~1.0.1"
      }
    },
    "node_modules/buffer-shims": {
      "version": "1.0.0",
      "license": "MIT"
    },
    "node_modules/bytes": {
      "version": "1.0.0"
    },
    "node_modules/camelcase": {
      "version": "1.2.1",
      "license": "MIT",
      "engines": {
        "node": ">=0.10.0"
      }
    },
    "node_modules/center-align": {
      "version": "0.1.3",
      "license": "MIT",
      "dependencies": {
        "align-text": "^0.1.3",
        "lazy-cache": "^1.0.3"
      },
      "engines": {
        "node": ">=0.10.0"
      }
    },
    "node_modules/character-parser": {
      "version": "1.2.1",
      "license": "MIT"
    },
    "node_modules/clean-css": {
      "version": "3.4.25",
      "license": "MIT",
      "dependencies": {
        "commander": "2.8.x",
        "source-map": "0.4.x"
      },
      "bin": {
        "cleancss": "bin/cleancss"
      },
      "engines": {
        "node": ">=0.10.0"
      }
    },
    "node_modules/clean-css/node_modules/commander": {
      "version": "2.8.1",
      "license": "MIT",
      "dependencies": {
        "graceful-readlink": ">= 1.0.0"
      },
      "engines": {
        "node": ">= 0.6.x"
      }
    },
    "node_modules/cliui": {
      "version": "2.1.0",
      "license": "ISC",
      "dependencies": {
        "center-align": "^0.1.1",
        "right-align": "^0.1.1",
        "wordwrap": "0.0.2"
      }
    },
    "node_modules/cliui/node_modules/wordwrap": {
      "version": "0.0.2",
      "license": "MIT/X11",
      "engines": {
        "node": ">=0.4.0"
      }
    },
    "node_modules/combined-stream": {
      "version": "1.0.5",
      "license": "MIT",
      "dependencies": {
        "delayed-stream": "~1.0.0"
      },
      "engines": {
        "node": ">= 0.8"
      }
    },
    "node_modules/commander": {
      "version": "2.9.0",
      "license": "MIT",
      "dependencies": {
        "graceful-readlink": ">= 1.0.0"
      },
      "engines": {
        "node": ">= 0.6.x"
      }
    },
    "node_modules/component-emitter": {
      "version": "1.2.1",
      "license": "MIT"
    },
    "node_modules/constantinople": {
      "version": "3.0.2",
      "license": "MIT",
      "dependencies": {
        "acorn": "^2.1.0"
      }
    },
    "node_modules/content-disposition": {
      "version": "0.5.2",
      "license": "MIT",
      "engines": {
        "node": ">= 0.6"
      }
    },
    "node_modules/content-type": {
      "version": "1.0.2",
      "license": "MIT",
      "engines": {
        "node": ">= 0.6"
      }
    },
    "node_modules/continuable-cache": {
      "version": "0.3.1"
    },
    "node_modules/cookie": {
      "version": "0.3.1",
      "license": "MIT",
      "engines": {
        "node": ">= 0.6"
      }
    },
    "node_modules/cookie-signature": {
      "version": "1.0.6",
      "license": "MIT"
    },
    "node_modules/cookiejar": {
      "version": "2.1.1",
      "license": "MIT"
    },
    "node_modules/core-util-is": {
      "version": "1.0.2",
      "license": "MIT"
    },
    "node_modules/cross-spawn": {
      "version": "4.0.2",
      "license": "MIT",
      "dependencies": {
        "lru-cache": "^4.0.1",
        "which": "^1.2.9"
      }
    },
    "node_modules/css": {
      "version": "1.0.8",
      "dependencies": {
        "css-parse": "1.0.4",
        "css-stringify": "1.0.5"
      }
    },
    "node_modules/css-parse": {
      "version": "1.0.4"
    },
    "node_modules/css-stringify": {
      "version": "1.0.5"
    },
    "node_modules/debug": {
      "version": "2.6.1",
      "license": "MIT",
      "dependencies": {
        "ms": "0.7.2"
      }
    },
    "node_modules/decamelize": {
      "version": "1.2.0",
      "license": "MIT",
      "engines": {
        "node": ">=0.10.0"
      }
    },
    "node_modules/delayed-stream": {
      "version": "1.0.0",
      "license": "MIT",
      "engines": {
        "node": ">=0.4.0"
      }
    },
    "node_modules/depd": {
      "version": "1.1.0",
      "license": "MIT",
      "engines": {
        "node": ">= 0.6"
      }
    },
    "node_modules/destroy": {
      "version": "1.0.4",
      "license": "MIT"
    },
    "node_modules/ee-first": {
      "version": "1.1.1",
      "license": "MIT"
    },
    "node_modules/emitter-component": {
      "version": "1.1.1"
    },
    "node_modules/encodeurl": {
      "version": "1.0.1",
      "license": "MIT",
      "engines": {
        "node": ">= 0.8"
      }
    },
    "node_modules/error": {
      "version": "7.0.2",
      "dependencies": {
        "string-template": "~0.2.1",
        "xtend": "~4.0.0"
      }
    },
    "node_modules/escape-html": {
      "version": "1.0.3",
      "license": "MIT"
    },
    "node_modules/etag": {
      "version": "1.8.0",
      "license": "MIT",
      "engines": {
        "node": ">= 0.6"
      }
    },
    "node_modules/express": {
      "version": "4.15.2",
      "license": "MIT",
      "dependencies": {
        "accepts": "~1.3.3",
        "array-flatten": "1.1.1",
        "content-disposition": "0.5.2",
        "content-type": "~1.0.2",
        "cookie": "0.3.1",
        "cookie-signature": "1.0.6",
        "debug": "2.6.1",
        "depd": "~1.1.0",
        "encodeurl": "~1.0.1",
        "escape-html": "~1.0.3",
        "etag": "~1.8.0",
        "finalhandler": "~1.0.0",
        "fresh": "0.5.0",
        "merge-descriptors": "1.0.1",
        "methods": "~1.1.2",
        "on-finished": "~2.3.0",
        "parseurl": "~1.3.1",
        "path-to-regexp": "0.1.7",
        "proxy-addr": "~1.1.3",
        "qs": "6.4.0",
        "range-parser": "~1.2.0",
        "send": "0.15.1",
        "serve-static": "1.12.1",
        "setprototypeof": "1.0.3",
        "statuses": "~1.3.1",
        "type-is": "~1.6.14",
        "utils-merge": "1.0.0",
        "vary": "~1.1.0"
      },
      "engines": {
        "node": ">= 0.10.0"
      }
    },
    "node_modules/extend": {
      "version": "3.0.0",
      "license": "MIT"
    },
    "node_modules/faye-websocket": {
      "version": "0.10.0",
      "license": "MIT",
      "dependencies": {
        "websocket-driver": ">=0.5.1"
      },
      "engines": {
        "node": ">=0.4.0"
      }
    },
    "node_modules/finalhandler": {
      "version": "1.0.1",
      "license": "MIT",
      "dependencies": {
        "debug": "2.6.3",
        "encodeurl": "~1.0.1",
        "escape-html": "~1.0.3",
        "on-finished": "~2.3.0",
        "parseurl": "~1.3.1",
        "statuses": "~1.3.1",
        "unpipe": "~1.0.0"
      },
      "engines": {
        "node": ">= 0.8"
      }
    },
    "node_modules/finalhandler/node_modules/debug": {
      "version": "2.6.3",
      "license": "MIT",
      "dependencies": {
        "ms": "0.7.2"
      }
    },
    "node_modules/form-data": {
      "version": "2.1.4",
      "license": "MIT",
      "dependencies": {
        "asynckit": "^0.4.0",
        "combined-stream": "^1.0.5",
        "mime-types": "^2.1.12"
      },
      "engines": {
        "node": ">= 0.12"
      }
    },
    "node_modules/formidable": {
      "version": "1.1.1",
      "license": "MIT",
      "engines": {
        "node": ">=0.8.0"
      }
    },
    "node_modules/forwarded": {
      "version": "0.1.0",
      "license": "MIT",
      "engines": {
        "node": ">= 0.6"
      }
    },
    "node_modules/fresh": {
      "version": "0.5.0",
      "license": "MIT",
      "engines": {
        "node": ">= 0.6"
      }
    },
    "node_modules/gm": {
      "version": "1.23.0",
      "license": "MIT",
      "dependencies": {
        "array-parallel": "~0.1.3",
        "array-series": "~0.1.5",
        "cross-spawn": "^4.0.0",
        "debug": "~2.2.0"
      },
      "engines": {
        "node": ">= 0.10.0"
      }
    },
    "node_modules/gm/node_modules/debug": {
      "version": "2.2.0",
      "license": "MIT",
      "dependencies": {
        "ms": "0.7.1"
      }
    },
    "node_modules/gm/node_modules/ms": {
      "version": "0.7.1"
    },
    "node_modules/graceful-readlink": {
      "version": "1.0.1",
      "license": "MIT"
    },
    "node_modules/he": {
      "version": "1.1.1",
      "license": "MIT",
      "bin": {
        "he": "bin/he"
      }
    },
    "node_modules/http-errors": {
      "version": "1.6.1",
      "license": "MIT",
      "dependencies": {
        "depd": "1.1.0",
        "inherits": "2.0.3",
        "setprototypeof": "1.0.3",
        "statuses": ">= 1.3.1 < 2"
      },
      "engines": {
        "node": ">= 0.6"
      }
    },
    "node_modules/inherits": {
      "version": "2.0.3",
      "license": "ISC"
    },
    "node_modules/ipaddr.js": {
      "version": "1.3.0",
      "license": "MIT",
      "engines": {
        "node": ">= 0.10"
      }
    },
    "node_modules/is-buffer": {
      "version": "1.1.5",
      "license": "MIT"
    },
    "node_modules/is-promise": {
      "version": "2.1.0",
      "license": "MIT"
    },
    "node_modules/isarray": {
      "version": "1.0.0",
      "license": "MIT"
    },
    "node_modules/isexe": {
      "version": "2.0.0",
      "license": "ISC"
    },
    "node_modules/jade": {
      "version": "1.11.0",
      "deprecated": "Jade has been renamed to pug, please install the latest version of pug instead of jade",
      "license": "MIT",
      "dependencies": {
        "character-parser": "1.2.1",
        "clean-css": "^3.1.9",
        "commander": "~2.6.0",
        "constantinople": "~3.0.1",
        "jstransformer": "0.0.2",
        "mkdirp": "~0.5.0",
        "transformers": "2.1.0",
        "uglify-js": "^2.4.19",
        "void-elements": "~2.0.1",
        "with": "~4.0.0"
      },
      "bin": {
        "jade": "bin/jade.js"
      }
    },
    "node_modules/jade/node_modules/commander": {
      "version": "2.6.0",
      "license": "MIT",
      "engines": {
        "node": ">= 0.6.x"
      }
    },
    "node_modules/jstransformer": {
      "version": "0.0.2",
      "license": "MIT",
      "dependencies": {
        "is-promise": "^2.0.0",
        "promise": "^6.0.1"
      }
    },
    "node_modules/kind-of": {
      "version": "3.1.0",
      "license": "MIT",
      "dependencies": {
        "is-buffer": "^1.0.2"
      },
      "engines": {
        "node": ">=0.10.0"
      }
    },
    "node_modules/knox": {
      "version": "0.9.2",
      "license": "MIT",
      "dependencies": {
        "debug": "^1.0.2",
        "mime": "*",
        "once": "^1.3.0",
        "stream-counter": "^1.0.0",
        "xml2js": "^0.4.4"
      },
      "engines": {
        "node": ">= 0.8"
      }
    },
    "node_modules/knox/node_modules/debug": {
      "version": "1.0.4",
      "dependencies": {
        "ms": "0.6.2"
      }
    },
    "node_modules/knox/node_modules/ms": {
      "version": "0.6.2"
    },
    "node_modules/lazy-cache": {
      "version": "1.0.4",
      "license": "MIT",
      "engines": {
        "node": ">=0.10.0"
      }
    },
    "node_modules/livereload-js": {
      "version": "2.2.2",
      "license": "MIT"
    },
    "node_modules/lodash": {
      "version": "4.17.4",
      "license": "MIT"
    },
    "node_modules/longest": {
      "version": "1.0.1",
      "license": "MIT",
      "engines": {
        "node": ">=0.10.0"
      }
    },
    "node_modules/lru-cache": {
      "version": "4.0.2",
      "license": "ISC",
      "dependencies": {
        "pseudomap": "^1.0.1",
        "yallist": "^2.0.0"
      }
    },
    "node_modules/marked": {
      "version": "0.3.6",
      "license": "MIT",
      "bin": {
        "marked": "bin/marked"
      }
    },
    "node_modules/marks": {
      "version": "1.1.1",
      "license": "MIT"
    },
    "node_modules/media-typer": {
      "version": "0.3.0",
      "license": "MIT",
      "engines": {
        "node": ">= 0.6"
      }
    },
    "node_modules/merge-descriptors": {
      "version": "1.0.1",
      "license": "MIT"
    },
    "node_modules/methods": {
      "version": "1.1.2",
      "license": "MIT",
      "engines": {
        "node": ">= 0.6"
      }
    },
    "node_modules/mime": {
      "version": "1.3.4",
      "bin": {
        "mime": "cli.js"
      }
    },
    "node_modules/mime-db": {
      "version": "1.27.0",
      "license": "MIT",
      "engines": {
        "node": ">= 0.6"
      }
    },
    "node_modules/mime-types": {
      "version": "2.1.15",
      "license": "MIT",
      "dependencies": {
        "mime-db": "~1.27.0"
      },
      "engines": {
        "node": ">= 0.6"
      }
    },
    "node_modules/minimist": {
      "version": "1.2.8",
      "resolved": "https://registry.npmjs.org/minimist/-/minimist-1.2.8.tgz",
      "integrity": "sha512-2yyAR8qBkN3YuheJanUpWC5U3bb5osDywNB8RzDVlDwDHbocAJveqqj1u8+SVD7jkWT4yvsHCpWqqWqAxb0zCA==",
      "funding": {
        "url": "https://github.com/sponsors/ljharb"
      }
    },
    "node_modules/mkdirp": {
      "version": "0.5.6",
      "resolved": "https://registry.npmjs.org/mkdirp/-/mkdirp-0.5.6.tgz",
      "integrity": "sha512-FP+p8RB8OWpF3YZBCrP5gtADmtXApB5AMLn+vdyA+PyxCjrCs00mjyUozssO33cwDeT3wNGdLxJ5M//YqtHAJw==",
      "dependencies": {
        "minimist": "^1.2.6"
      },
      "bin": {
        "mkdirp": "bin/cmd.js"
      }
    },
    "node_modules/ms": {
      "version": "0.7.2",
      "license": "MIT"
    },
    "node_modules/natural-compare-lite": {
      "version": "1.4.0",
      "license": "MIT"
    },
    "node_modules/needless": {
      "version": "0.1.1",
      "license": "BSD"
    },
    "node_modules/negotiator": {
      "version": "0.6.1",
      "license": "MIT",
      "engines": {
        "node": ">= 0.6"
      }
    },
    "node_modules/node-watch": {
      "version": "0.5.2",
      "license": "MIT"
    },
    "node_modules/object-assign": {
      "version": "4.1.1",
      "license": "MIT",
      "engines": {
        "node": ">=0.10.0"
      }
    },
    "node_modules/on-finished": {
      "version": "2.3.0",
      "license": "MIT",
      "dependencies": {
        "ee-first": "1.1.1"
      },
      "engines": {
        "node": ">= 0.8"
      }
    },
    "node_modules/once": {
      "version": "1.4.0",
      "license": "ISC",
      "dependencies": {
        "wrappy": "1"
      }
    },
    "node_modules/optimist": {
      "version": "0.3.7",
      "license": "MIT/X11",
      "dependencies": {
        "wordwrap": "~0.0.2"
      }
    },
    "node_modules/paragraphs": {
      "version": "1.0.0",
      "license": "MIT"
    },
    "node_modules/parseurl": {
      "version": "1.3.1",
      "license": "MIT",
      "engines": {
        "node": ">= 0.8"
      }
    },
    "node_modules/path-to-regexp": {
      "version": "0.1.7",
      "license": "MIT"
    },
    "node_modules/process-nextick-args": {
      "version": "1.0.7",
      "license": "MIT"
    },
    "node_modules/promise": {
      "version": "6.1.0",
      "license": "MIT",
      "dependencies": {
        "asap": "~1.0.0"
      }
    },
    "node_modules/props-component": {
      "version": "1.0.3"
    },
    "node_modules/proxy-addr": {
      "version": "1.1.4",
      "license": "MIT",
      "dependencies": {
        "forwarded": "~0.1.0",
        "ipaddr.js": "1.3.0"
      },
      "engines": {
        "node": ">= 0.6"
      }
    },
    "node_modules/pseudomap": {
      "version": "1.0.2",
      "license": "ISC"
    },
    "node_modules/qs": {
      "version": "6.4.0",
      "license": "BSD-3-Clause",
      "engines": {
        "node": ">=0.6"
      }
    },
    "node_modules/range-parser": {
      "version": "1.2.0",
      "license": "MIT",
      "engines": {
        "node": ">= 0.6"
      }
    },
    "node_modules/raw-body": {
      "version": "1.1.7",
      "license": "MIT",
      "dependencies": {
        "bytes": "1",
        "string_decoder": "0.10"
      },
      "engines": {
        "node": ">= 0.8.0"
      }
    },
    "node_modules/raw-body/node_modules/string_decoder": {
      "version": "0.10.31",
      "license": "MIT"
    },
    "node_modules/readable-stream": {
      "version": "2.2.9",
      "license": "MIT",
      "dependencies": {
        "buffer-shims": "~1.0.0",
        "core-util-is": "~1.0.0",
        "inherits": "~2.0.1",
        "isarray": "~1.0.0",
        "process-nextick-args": "~1.0.6",
        "string_decoder": "~1.0.0",
        "util-deprecate": "~1.0.1"
      }
    },
    "node_modules/repeat-string": {
      "version": "1.6.1",
      "license": "MIT",
      "engines": {
        "node": ">=0.10"
      }
    },
    "node_modules/right-align": {
      "version": "0.1.3",
      "license": "MIT",
      "dependencies": {
        "align-text": "^0.1.1"
      },
      "engines": {
        "node": ">=0.10.0"
      }
    },
    "node_modules/safe-json-parse": {
      "version": "1.0.1"
    },
    "node_modules/sax": {
      "version": "1.2.2",
      "license": "ISC"
    },
    "node_modules/send": {
      "version": "0.15.1",
      "license": "MIT",
      "dependencies": {
        "debug": "2.6.1",
        "depd": "~1.1.0",
        "destroy": "~1.0.4",
        "encodeurl": "~1.0.1",
        "escape-html": "~1.0.3",
        "etag": "~1.8.0",
        "fresh": "0.5.0",
        "http-errors": "~1.6.1",
        "mime": "1.3.4",
        "ms": "0.7.2",
        "on-finished": "~2.3.0",
        "range-parser": "~1.2.0",
        "statuses": "~1.3.1"
      },
      "engines": {
        "node": ">= 0.8.0"
      }
    },
    "node_modules/serve-static": {
      "version": "1.12.1",
      "license": "MIT",
      "dependencies": {
        "encodeurl": "~1.0.1",
        "escape-html": "~1.0.3",
        "parseurl": "~1.3.1",
        "send": "0.15.1"
      },
      "engines": {
        "node": ">= 0.8.0"
      }
    },
    "node_modules/setprototypeof": {
      "version": "1.0.3",
      "license": "ISC"
    },
    "node_modules/slugg": {
      "version": "1.2.0",
      "license": "BSD"
    },
    "node_modules/source-map": {
      "version": "0.4.4",
      "license": "BSD-3-Clause",
      "dependencies": {
        "amdefine": ">=0.0.4"
      },
      "engines": {
        "node": ">=0.8.0"
      }
    },
    "node_modules/statuses": {
      "version": "1.3.1",
      "license": "MIT",
      "engines": {
        "node": ">= 0.6"
      }
    },
    "node_modules/stream-counter": {
      "version": "1.0.0",
      "license": "MIT",
      "engines": {
        "node": ">=0.10.20"
      }
    },
    "node_modules/string_decoder": {
      "version": "1.0.0",
      "license": "MIT",
      "dependencies": {
        "buffer-shims": "~1.0.0"
      }
    },
    "node_modules/string-template": {
      "version": "0.2.1"
    },
    "node_modules/superagent": {
      "version": "3.5.2",
      "license": "MIT",
      "dependencies": {
        "component-emitter": "^1.2.0",
        "cookiejar": "^2.0.6",
        "debug": "^2.2.0",
        "extend": "^3.0.0",
        "form-data": "^2.1.1",
        "formidable": "^1.1.1",
        "methods": "^1.1.1",
        "mime": "^1.3.4",
        "qs": "^6.1.0",
        "readable-stream": "^2.0.5"
      },
      "engines": {
        "node": ">= 0.12"
      }
    },
    "node_modules/tiny-lr": {
      "version": "1.0.3",
      "license": "MIT",
      "dependencies": {
        "body": "^5.1.0",
        "debug": "~2.2.0",
        "faye-websocket": "~0.10.0",
        "livereload-js": "^2.2.2",
        "object-assign": "^4.1.0",
        "qs": "^6.2.0"
      }
    },
    "node_modules/tiny-lr/node_modules/debug": {
      "version": "2.2.0",
      "license": "MIT",
      "dependencies": {
        "ms": "0.7.1"
      }
    },
    "node_modules/tiny-lr/node_modules/ms": {
      "version": "0.7.1"
    },
    "node_modules/to-function": {
      "version": "1.2.1",
      "dependencies": {
        "props-component": "*"
      }
    },
    "node_modules/transformers": {
      "version": "2.1.0",
      "deprecated": "Deprecated, use jstransformer",
      "license": "MIT",
      "dependencies": {
        "css": "~1.0.8",
        "promise": "~2.0",
        "uglify-js": "~2.2.5"
      }
    },
    "node_modules/transformers/node_modules/is-promise": {
      "version": "1.0.1",
      "license": "MIT"
    },
    "node_modules/transformers/node_modules/promise": {
      "version": "2.0.0",
      "license": "MIT",
      "dependencies": {
        "is-promise": "~1"
      }
    },
    "node_modules/transformers/node_modules/source-map": {
      "version": "0.1.43",
      "dependencies": {
        "amdefine": ">=0.0.4"
      },
      "engines": {
        "node": ">=0.8.0"
      }
    },
    "node_modules/transformers/node_modules/uglify-js": {
      "version": "2.2.5",
      "dependencies": {
        "optimist": "~0.3.5",
        "source-map": "~0.1.7"
      },
      "bin": {
        "uglifyjs": "bin/uglifyjs"
      },
      "engines": {
        "node": ">=0.4.0"
      }
    },
    "node_modules/type-is": {
      "version": "1.6.15",
      "license": "MIT",
      "dependencies": {
        "media-typer": "0.3.0",
        "mime-types": "~2.1.15"
      },
      "engines": {
        "node": ">= 0.6"
      }
    },
    "node_modules/uglify-js": {
      "version": "2.8.22",
      "license": "BSD-2-Clause",
      "dependencies": {
        "source-map": "~0.5.1",
        "yargs": "~3.10.0"
      },
      "bin": {
        "uglifyjs": "bin/uglifyjs"
      },
      "engines": {
        "node": ">=0.8.0"
      },
      "optionalDependencies": {
        "uglify-to-browserify": "~1.0.0"
      }
    },
    "node_modules/uglify-js/node_modules/source-map": {
      "version": "0.5.6",
      "license": "BSD-3-Clause",
      "engines": {
        "node": ">=0.10.0"
      }
    },
    "node_modules/uglify-to-browserify": {
      "version": "1.0.2",
      "license": "MIT",
      "optional": true
    },
    "node_modules/unpipe": {
      "version": "1.0.0",
      "license": "MIT",
      "engines": {
        "node": ">= 0.8"
      }
    },
    "node_modules/util-deprecate": {
      "version": "1.0.2",
      "license": "MIT"
    },
    "node_modules/utils-merge": {
      "version": "1.0.0",
      "engines": {
        "node": ">= 0.4.0"
      }
    },
    "node_modules/vary": {
      "version": "1.1.1",
      "license": "MIT",
      "engines": {
        "node": ">= 0.8"
      }
    },
    "node_modules/void-elements": {
      "version": "2.0.1",
      "license": "MIT",
      "engines": {
        "node": ">=0.10.0"
      }
    },
    "node_modules/websocket-driver": {
      "version": "0.6.5",
      "license": "MIT",
      "dependencies": {
        "websocket-extensions": ">=0.1.1"
      },
      "engines": {
        "node": ">=0.6.0"
      }
    },
    "node_modules/websocket-extensions": {
      "version": "0.1.1",
      "license": "MIT",
      "engines": {
        "node": ">=0.6.0"
      }
    },
    "node_modules/which": {
      "version": "1.2.14",
      "license": "ISC",
      "dependencies": {
        "isexe": "^2.0.0"
      },
      "bin": {
        "which": "bin/which"
      }
    },
    "node_modules/window-size": {
      "version": "0.1.0",
      "engines": {
        "node": ">= 0.8.0"
      }
    },
    "node_modules/with": {
      "version": "4.0.3",
      "license": "MIT",
      "dependencies": {
        "acorn": "^1.0.1",
        "acorn-globals": "^1.0.3"
      }
    },
    "node_modules/with/node_modules/acorn": {
      "version": "1.2.2",
      "license": "MIT",
      "bin": {
        "acorn": "bin/acorn"
      },
      "engines": {
        "node": ">=0.4.0"
      }
    },
    "node_modules/woods": {
      "version": "0.1.2",
      "license": "MIT",
      "dependencies": {
        "array": "^0.4.3",
        "async": "^2.3.0",
        "commander": "^2.9.0",
        "express": "^4.15.2",
        "gm": "^1.23.0",
        "jade": "^1.11.0",
        "knox": "^0.9.2",
        "marked": "^0.3.6",
        "mime": "^1.3.4",
        "mkdirp": "^0.5.1",
        "natural-compare-lite": "^1.4.0",
        "needless": "^0.1.1",
        "node-watch": "^0.5.2",
        "slugg": "^1.2.0",
        "superagent": "^3.5.2",
        "tiny-lr": "^1.0.3",
        "woods-parsedown": "^0.0.4"
      },
      "bin": {
        "woods": "bin/woods"
      }
    },
    "node_modules/woods-parsedown": {
      "version": "0.0.4",
      "license": "MIT"
    },
    "node_modules/wordwrap": {
      "version": "0.0.3",
      "license": "MIT",
      "engines": {
        "node": ">=0.4.0"
      }
    },
    "node_modules/wrappy": {
      "version": "1.0.2",
      "license": "ISC"
    },
    "node_modules/xml2js": {
      "version": "0.4.17",
      "license": "MIT",
      "dependencies": {
        "sax": ">=0.6.0",
        "xmlbuilder": "^4.1.0"
      }
    },
    "node_modules/xmlbuilder": {
      "version": "4.2.1",
      "license": "MIT",
      "dependencies": {
        "lodash": "^4.0.0"
      },
      "engines": {
        "node": ">=0.8.0"
      }
    },
    "node_modules/xtend": {
      "version": "4.0.1",
      "license": "MIT",
      "engines": {
        "node": ">=0.4"
      }
    },
    "node_modules/yallist": {
      "version": "2.1.2",
      "license": "ISC"
    },
    "node_modules/yargs": {
      "version": "3.10.0",
      "license": "MIT",
      "dependencies": {
        "camelcase": "^1.0.2",
        "cliui": "^2.1.0",
        "decamelize": "^1.0.0",
        "window-size": "0.1.0"
      }
    }
  },
  "dependencies": {
    "accepts": {
      "version": "1.3.3",
      "requires": {
        "mime-types": "~2.1.11",
        "negotiator": "0.6.1"
      }
    },
    "acorn": {
      "version": "2.7.0"
    },
    "acorn-globals": {
      "version": "1.0.9",
      "requires": {
        "acorn": "^2.1.0"
      }
    },
    "align-text": {
      "version": "0.1.4",
      "requires": {
        "kind-of": "^3.0.2",
        "longest": "^1.0.1",
        "repeat-string": "^1.5.2"
      }
    },
    "amdefine": {
      "version": "1.0.1"
    },
    "array": {
      "version": "0.4.3",
      "requires": {
        "emitter-component": "~1.1.0",
        "to-function": "~1.2.1"
      }
    },
    "array-flatten": {
      "version": "1.1.1"
    },
    "array-parallel": {
      "version": "0.1.3"
    },
    "array-series": {
      "version": "0.1.5"
    },
    "asap": {
      "version": "1.0.0"
    },
    "async": {
      "version": "2.3.0",
      "requires": {
        "lodash": "^4.14.0"
      }
    },
    "asynckit": {
      "version": "0.4.0"
    },
    "body": {
      "version": "5.1.0",
      "requires": {
        "continuable-cache": "^0.3.1",
        "error": "^7.0.0",
        "raw-body": "~1.1.0",
        "safe-json-parse": "~1.0.1"
      }
    },
    "buffer-shims": {
      "version": "1.0.0"
    },
    "bytes": {
      "version": "1.0.0"
    },
    "camelcase": {
      "version": "1.2.1"
    },
    "center-align": {
      "version": "0.1.3",
      "requires": {
        "align-text": "^0.1.3",
        "lazy-cache": "^1.0.3"
      }
    },
    "character-parser": {
      "version": "1.2.1"
    },
    "clean-css": {
      "version": "3.4.25",
      "requires": {
        "commander": "2.8.x",
        "source-map": "0.4.x"
      },
      "dependencies": {
        "commander": {
          "version": "2.8.1",
          "requires": {
            "graceful-readlink": ">= 1.0.0"
          }
        }
      }
    },
    "cliui": {
      "version": "2.1.0",
      "requires": {
        "center-align": "^0.1.1",
        "right-align": "^0.1.1",
        "wordwrap": "0.0.2"
      },
      "dependencies": {
        "wordwrap": {
          "version": "0.0.2"
        }
      }
    },
    "combined-stream": {
      "version": "1.0.5",
      "requires": {
        "delayed-stream": "~1.0.0"
      }
    },
    "commander": {
      "version": "2.9.0",
      "requires": {
        "graceful-readlink": ">= 1.0.0"
      }
    },
    "component-emitter": {
      "version": "1.2.1"
    },
    "constantinople": {
      "version": "3.0.2",
      "requires": {
        "acorn": "^2.1.0"
      }
    },
    "content-disposition": {
      "version": "0.5.2"
    },
    "content-type": {
      "version": "1.0.2"
    },
    "continuable-cache": {
      "version": "0.3.1"
    },
    "cookie": {
      "version": "0.3.1"
    },
    "cookie-signature": {
      "version": "1.0.6"
    },
    "cookiejar": {
      "version": "2.1.1"
    },
    "core-util-is": {
      "version": "1.0.2"
    },
    "cross-spawn": {
      "version": "4.0.2",
      "requires": {
        "lru-cache": "^4.0.1",
        "which": "^1.2.9"
      }
    },
    "css": {
      "version": "1.0.8",
      "requires": {
        "css-parse": "1.0.4",
        "css-stringify": "1.0.5"
      }
    },
    "css-parse": {
      "version": "1.0.4"
    },
    "css-stringify": {
      "version": "1.0.5"
    },
    "debug": {
      "version": "2.6.1",
      "requires": {
        "ms": "0.7.2"
      }
    },
    "decamelize": {
      "version": "1.2.0"
    },
    "delayed-stream": {
      "version": "1.0.0"
    },
    "depd": {
      "version": "1.1.0"
    },
    "destroy": {
      "version": "1.0.4"
    },
    "ee-first": {
      "version": "1.1.1"
    },
    "emitter-component": {
      "version": "1.1.1"
    },
    "encodeurl": {
      "version": "1.0.1"
    },
    "error": {
      "version": "7.0.2",
      "requires": {
        "string-template": "~0.2.1",
        "xtend": "~4.0.0"
      }
    },
    "escape-html": {
      "version": "1.0.3"
    },
    "etag": {
      "version": "1.8.0"
    },
    "express": {
      "version": "4.15.2",
      "requires": {
        "accepts": "~1.3.3",
        "array-flatten": "1.1.1",
        "content-disposition": "0.5.2",
        "content-type": "~1.0.2",
        "cookie": "0.3.1",
        "cookie-signature": "1.0.6",
        "debug": "2.6.1",
        "depd": "~1.1.0",
        "encodeurl": "~1.0.1",
        "escape-html": "~1.0.3",
        "etag": "~1.8.0",
        "finalhandler": "~1.0.0",
        "fresh": "0.5.0",
        "merge-descriptors": "1.0.1",
        "methods": "~1.1.2",
        "on-finished": "~2.3.0",
        "parseurl": "~1.3.1",
        "path-to-regexp": "0.1.7",
        "proxy-addr": "~1.1.3",
        "qs": "6.4.0",
        "range-parser": "~1.2.0",
        "send": "0.15.1",
        "serve-static": "1.12.1",
        "setprototypeof": "1.0.3",
        "statuses": "~1.3.1",
        "type-is": "~1.6.14",
        "utils-merge": "1.0.0",
        "vary": "~1.1.0"
      }
    },
    "extend": {
      "version": "3.0.0"
    },
    "faye-websocket": {
      "version": "0.10.0",
      "requires": {
        "websocket-driver": ">=0.5.1"
      }
    },
    "finalhandler": {
      "version": "1.0.1",
      "requires": {
        "debug": "2.6.3",
        "encodeurl": "~1.0.1",
        "escape-html": "~1.0.3",
        "on-finished": "~2.3.0",
        "parseurl": "~1.3.1",
        "statuses": "~1.3.1",
        "unpipe": "~1.0.0"
      },
      "dependencies": {
        "debug": {
          "version": "2.6.3",
          "requires": {
            "ms": "0.7.2"
          }
        }
      }
    },
    "form-data": {
      "version": "2.1.4",
      "requires": {
        "asynckit": "^0.4.0",
        "combined-stream": "^1.0.5",
        "mime-types": "^2.1.12"
      }
    },
    "formidable": {
      "version": "1.1.1"
    },
    "forwarded": {
      "version": "0.1.0"
    },
    "fresh": {
      "version": "0.5.0"
    },
    "gm": {
      "version": "1.23.0",
      "requires": {
        "array-parallel": "~0.1.3",
        "array-series": "~0.1.5",
        "cross-spawn": "^4.0.0",
        "debug": "~2.2.0"
      },
      "dependencies": {
        "debug": {
          "version": "2.2.0",
          "requires": {
            "ms": "0.7.1"
          }
        },
        "ms": {
          "version": "0.7.1"
        }
      }
    },
    "graceful-readlink": {
      "version": "1.0.1"
    },
    "he": {
      "version": "1.1.1"
    },
    "http-errors": {
      "version": "1.6.1",
      "requires": {
        "depd": "1.1.0",
        "inherits": "2.0.3",
        "setprototypeof": "1.0.3",
        "statuses": ">= 1.3.1 < 2"
      }
    },
    "inherits": {
      "version": "2.0.3"
    },
    "ipaddr.js": {
      "version": "1.3.0"
    },
    "is-buffer": {
      "version": "1.1.5"
    },
    "is-promise": {
      "version": "2.1.0"
    },
    "isarray": {
      "version": "1.0.0"
    },
    "isexe": {
      "version": "2.0.0"
    },
    "jade": {
      "version": "1.11.0",
      "requires": {
        "character-parser": "1.2.1",
        "clean-css": "^3.1.9",
        "commander": "~2.6.0",
        "constantinople": "~3.0.1",
        "jstransformer": "0.0.2",
        "mkdirp": "~0.5.0",
        "transformers": "2.1.0",
        "uglify-js": "^2.4.19",
        "void-elements": "~2.0.1",
        "with": "~4.0.0"
      },
      "dependencies": {
        "commander": {
          "version": "2.6.0"
        }
      }
    },
    "jstransformer": {
      "version": "0.0.2",
      "requires": {
        "is-promise": "^2.0.0",
        "promise": "^6.0.1"
      }
    },
    "kind-of": {
      "version": "3.1.0",
      "requires": {
        "is-buffer": "^1.0.2"
      }
    },
    "knox": {
      "version": "0.9.2",
      "requires": {
        "debug": "^1.0.2",
        "mime": "*",
        "once": "^1.3.0",
        "stream-counter": "^1.0.0",
        "xml2js": "^0.4.4"
      },
      "dependencies": {
        "debug": {
          "version": "1.0.4",
          "requires": {
            "ms": "0.6.2"
          }
        },
        "ms": {
          "version": "0.6.2"
        }
      }
    },
    "lazy-cache": {
      "version": "1.0.4"
    },
    "livereload-js": {
      "version": "2.2.2"
    },
    "lodash": {
      "version": "4.17.4"
    },
    "longest": {
      "version": "1.0.1"
    },
    "lru-cache": {
      "version": "4.0.2",
      "requires": {
        "pseudomap": "^1.0.1",
        "yallist": "^2.0.0"
      }
    },
    "marked": {
      "version": "0.3.6"
    },
    "marks": {
      "version": "1.1.1"
    },
    "media-typer": {
      "version": "0.3.0"
    },
    "merge-descriptors": {
      "version": "1.0.1"
    },
    "methods": {
      "version": "1.1.2"
    },
    "mime": {
      "version": "1.3.4"
    },
    "mime-db": {
      "version": "1.27.0"
    },
    "mime-types": {
      "version": "2.1.15",
      "requires": {
        "mime-db": "~1.27.0"
      }
    },
    "minimist": {
      "version": "1.2.8",
      "resolved": "https://registry.npmjs.org/minimist/-/minimist-1.2.8.tgz",
      "integrity": "sha512-2yyAR8qBkN3YuheJanUpWC5U3bb5osDywNB8RzDVlDwDHbocAJveqqj1u8+SVD7jkWT4yvsHCpWqqWqAxb0zCA=="
    },
    "mkdirp": {
      "version": "0.5.6",
      "resolved": "https://registry.npmjs.org/mkdirp/-/mkdirp-0.5.6.tgz",
      "integrity": "sha512-FP+p8RB8OWpF3YZBCrP5gtADmtXApB5AMLn+vdyA+PyxCjrCs00mjyUozssO33cwDeT3wNGdLxJ5M//YqtHAJw==",
      "requires": {
        "minimist": "^1.2.6"
      }
    },
    "ms": {
      "version": "0.7.2"
    },
    "natural-compare-lite": {
      "version": "1.4.0"
    },
    "needless": {
      "version": "0.1.1"
    },
    "negotiator": {
      "version": "0.6.1"
    },
    "node-watch": {
      "version": "0.5.2"
    },
    "object-assign": {
      "version": "4.1.1"
    },
    "on-finished": {
      "version": "2.3.0",
      "requires": {
        "ee-first": "1.1.1"
      }
    },
    "once": {
      "version": "1.4.0",
      "requires": {
        "wrappy": "1"
      }
    },
    "optimist": {
      "version": "0.3.7",
      "requires": {
        "wordwrap": "~0.0.2"
      }
    },
    "paragraphs": {
      "version": "1.0.0"
    },
    "parseurl": {
      "version": "1.3.1"
    },
    "path-to-regexp": {
      "version": "0.1.7"
    },
    "process-nextick-args": {
      "version": "1.0.7"
    },
    "promise": {
      "version": "6.1.0",
      "requires": {
        "asap": "~1.0.0"
      }
    },
    "props-component": {
      "version": "1.0.3"
    },
    "proxy-addr": {
      "version": "1.1.4",
      "requires": {
        "forwarded": "~0.1.0",
        "ipaddr.js": "1.3.0"
      }
    },
    "pseudomap": {
      "version": "1.0.2"
    },
    "qs": {
      "version": "6.4.0"
    },
    "range-parser": {
      "version": "1.2.0"
    },
    "raw-body": {
      "version": "1.1.7",
      "requires": {
        "bytes": "1",
        "string_decoder": "0.10"
      },
      "dependencies": {
        "string_decoder": {
          "version": "0.10.31"
        }
      }
    },
    "readable-stream": {
      "version": "2.2.9",
      "requires": {
        "buffer-shims": "~1.0.0",
        "core-util-is": "~1.0.0",
        "inherits": "~2.0.1",
        "isarray": "~1.0.0",
        "process-nextick-args": "~1.0.6",
        "string_decoder": "~1.0.0",
        "util-deprecate": "~1.0.1"
      }
    },
    "repeat-string": {
      "version": "1.6.1"
    },
    "right-align": {
      "version": "0.1.3",
      "requires": {
        "align-text": "^0.1.1"
      }
    },
    "safe-json-parse": {
      "version": "1.0.1"
    },
    "sax": {
      "version": "1.2.2"
    },
    "send": {
      "version": "0.15.1",
      "requires": {
        "debug": "2.6.1",
        "depd": "~1.1.0",
        "destroy": "~1.0.4",
        "encodeurl": "~1.0.1",
        "escape-html": "~1.0.3",
        "etag": "~1.8.0",
        "fresh": "0.5.0",
        "http-errors": "~1.6.1",
        "mime": "1.3.4",
        "ms": "0.7.2",
        "on-finished": "~2.3.0",
        "range-parser": "~1.2.0",
        "statuses": "~1.3.1"
      }
    },
    "serve-static": {
      "version": "1.12.1",
      "requires": {
        "encodeurl": "~1.0.1",
        "escape-html": "~1.0.3",
        "parseurl": "~1.3.1",
        "send": "0.15.1"
      }
    },
    "setprototypeof": {
      "version": "1.0.3"
    },
    "slugg": {
      "version": "1.2.0"
    },
    "source-map": {
      "version": "0.4.4",
      "requires": {
        "amdefine": ">=0.0.4"
      }
    },
    "statuses": {
      "version": "1.3.1"
    },
    "stream-counter": {
      "version": "1.0.0"
    },
    "string_decoder": {
      "version": "1.0.0",
      "requires": {
        "buffer-shims": "~1.0.0"
      }
    },
    "string-template": {
      "version": "0.2.1"
    },
    "superagent": {
      "version": "3.5.2",
      "requires": {
        "component-emitter": "^1.2.0",
        "cookiejar": "^2.0.6",
        "debug": "^2.2.0",
        "extend": "^3.0.0",
        "form-data": "^2.1.1",
        "formidable": "^1.1.1",
        "methods": "^1.1.1",
        "mime": "^1.3.4",
        "qs": "^6.1.0",
        "readable-stream": "^2.0.5"
      }
    },
    "tiny-lr": {
      "version": "1.0.3",
      "requires": {
        "body": "^5.1.0",
        "debug": "~2.2.0",
        "faye-websocket": "~0.10.0",
        "livereload-js": "^2.2.2",
        "object-assign": "^4.1.0",
        "qs": "^6.2.0"
      },
      "dependencies": {
        "debug": {
          "version": "2.2.0",
          "requires": {
            "ms": "0.7.1"
          }
        },
        "ms": {
          "version": "0.7.1"
        }
      }
    },
    "to-function": {
      "version": "1.2.1",
      "requires": {
        "props-component": "*"
      }
    },
    "transformers": {
      "version": "2.1.0",
      "requires": {
        "css": "~1.0.8",
        "promise": "~2.0",
        "uglify-js": "~2.2.5"
      },
      "dependencies": {
        "is-promise": {
          "version": "1.0.1"
        },
        "promise": {
          "version": "2.0.0",
          "requires": {
            "is-promise": "~1"
          }
        },
        "source-map": {
          "version": "0.1.43",
          "requires": {
            "amdefine": ">=0.0.4"
          }
        },
        "uglify-js": {
          "version": "2.2.5",
          "requires": {
            "optimist": "~0.3.5",
            "source-map": "~0.1.7"
          }
        }
      }
    },
    "type-is": {
      "version": "1.6.15",
      "requires": {
        "media-typer": "0.3.0",
        "mime-types": "~2.1.15"
      }
    },
    "uglify-js": {
      "version": "2.8.22",
      "requires": {
        "source-map": "~0.5.1",
        "uglify-to-browserify": "~1.0.0",
        "yargs": "~3.10.0"
      },
      "dependencies": {
        "source-map": {
          "version": "0.5.6"
        }
      }
    },
    "uglify-to-browserify": {
      "version": "1.0.2",
      "optional": true
    },
    "unpipe": {
      "version": "1.0.0"
    },
    "util-deprecate": {
      "version": "1.0.2"
    },
    "utils-merge": {
      "version": "1.0.0"
    },
    "vary": {
      "version": "1.1.1"
    },
    "void-elements": {
      "version": "2.0.1"
    },
    "websocket-driver": {
      "version": "0.6.5",
      "requires": {
        "websocket-extensions": ">=0.1.1"
      }
    },
    "websocket-extensions": {
      "version": "0.1.1"
    },
    "which": {
      "version": "1.2.14",
      "requires": {
        "isexe": "^2.0.0"
      }
    },
    "window-size": {
      "version": "0.1.0"
    },
    "with": {
      "version": "4.0.3",
      "requires": {
        "acorn": "^1.0.1",
        "acorn-globals": "^1.0.3"
      },
      "dependencies": {
        "acorn": {
          "version": "1.2.2"
        }
      }
    },
    "woods": {
      "version": "0.1.2",
      "requires": {
        "array": "^0.4.3",
        "async": "^2.3.0",
        "commander": "^2.9.0",
        "express": "^4.15.2",
        "gm": "^1.23.0",
        "jade": "^1.11.0",
        "knox": "^0.9.2",
        "marked": "^0.3.6",
        "mime": "^1.3.4",
        "mkdirp": "^0.5.1",
        "natural-compare-lite": "^1.4.0",
        "needless": "^0.1.1",
        "node-watch": "^0.5.2",
        "slugg": "^1.2.0",
        "superagent": "^3.5.2",
        "tiny-lr": "^1.0.3",
        "woods-parsedown": "^0.0.4"
      }
    },
    "woods-parsedown": {
      "version": "0.0.4"
    },
    "wordwrap": {
      "version": "0.0.3"
    },
    "wrappy": {
      "version": "1.0.2"
    },
    "xml2js": {
      "version": "0.4.17",
      "requires": {
        "sax": ">=0.6.0",
        "xmlbuilder": "^4.1.0"
      }
    },
    "xmlbuilder": {
      "version": "4.2.1",
      "requires": {
        "lodash": "^4.0.0"
      }
    },
    "xtend": {
      "version": "4.0.1"
    },
    "yallist": {
      "version": "2.1.2"
    },
    "yargs": {
      "version": "3.10.0",
      "requires": {
        "camelcase": "^1.0.2",
        "cliui": "^2.1.0",
        "decamelize": "^1.0.0",
        "window-size": "0.1.0"
      }
    }
  }
}
